{
  "name": "vite-test",
  "version": "0.0.0",
  "lockfileVersion": 1,
  "requires": true,
  "dependencies": {
    "@babel/parser": {
      "version": "7.18.8",
      "resolved": "http://registry.npm.release.ctripcorp.com/@babel/parser/download/@babel/parser-7.18.8.tgz",
      "integrity": "sha1-giFGCArJxi2sCCO7NIliLgvBy98="
    },
    "@vitejs/plugin-vue": {
      "version": "2.3.3",
      "resolved": "http://registry.npm.release.ctripcorp.com/@vitejs/plugin-vue/download/@vitejs/plugin-vue-2.3.3.tgz",
      "integrity": "sha1-+/gMwDm4KsIaGssPBHjej2H79gA=",
      "dev": true
    },
    "@vue/compiler-core": {
      "version": "3.2.37",
      "resolved": "http://registry.npm.release.ctripcorp.com/@vue/compiler-core/download/@vue/compiler-core-3.2.37.tgz",
      "integrity": "sha1-s8QuBMDg8sSW/xeE5UP77+keIVo=",
      "requires": {
        "@babel/parser": "^7.16.4",
        "@vue/shared": "3.2.37",
        "estree-walker": "^2.0.2",
        "source-map": "^0.6.1"
      }
    },
    "@vue/compiler-dom": {
      "version": "3.2.37",
      "resolved": "http://registry.npm.release.ctripcorp.com/@vue/compiler-dom/download/@vue/compiler-dom-3.2.37.tgz",
      "integrity": "sha1-ENJCeniefHB8hy2p1njIKgxlgrU=",
      "requires": {
        "@vue/compiler-core": "3.2.37",
        "@vue/shared": "3.2.37"
      }
    },
    "@vue/compiler-sfc": {
      "version": "3.2.37",
      "resolved": "http://registry.npm.release.ctripcorp.com/@vue/compiler-sfc/download/@vue/compiler-sfc-3.2.37.tgz",
      "integrity": "sha1-MQOvPaL0AobtzYXqSV3LNbx/X/Q=",
      "requires": {
        "@babel/parser": "^7.16.4",
        "@vue/compiler-core": "3.2.37",
        "@vue/compiler-dom": "3.2.37",
        "@vue/compiler-ssr": "3.2.37",
        "@vue/reactivity-transform": "3.2.37",
        "@vue/shared": "3.2.37",
        "estree-walker": "^2.0.2",
        "magic-string": "^0.25.7",
        "postcss": "^8.1.10",
        "source-map": "^0.6.1"
      }
    },
    "@vue/compiler-ssr": {
      "version": "3.2.37",
      "resolved": "http://registry.npm.release.ctripcorp.com/@vue/compiler-ssr/download/@vue/compiler-ssr-3.2.37.tgz",
      "integrity": "sha1-SJnRnzpfr9YVJKnRrujrBQUxPP8=",
      "requires": {
        "@vue/compiler-dom": "3.2.37",
        "@vue/shared": "3.2.37"
      }
    },
    "@vue/reactivity": {
      "version": "3.2.37",
      "resolved": "http://registry.npm.release.ctripcorp.com/@vue/reactivity/download/@vue/reactivity-3.2.37.tgz",
      "integrity": "sha1-W8OEesWIKOK3hSbgghngoQifiEg=",
      "requires": {
        "@vue/shared": "3.2.37"
      }
    },
    "@vue/reactivity-transform": {
      "version": "3.2.37",
      "resolved": "http://registry.npm.release.ctripcorp.com/@vue/reactivity-transform/download/@vue/reactivity-transform-3.2.37.tgz",
      "integrity": "sha1-DKpHxDRN9K5Z9aBd3iqHWIKfjso=",
      "requires": {
        "@babel/parser": "^7.16.4",
        "@vue/compiler-core": "3.2.37",
        "@vue/shared": "3.2.37",
        "estree-walker": "^2.0.2",
        "magic-string": "^0.25.7"
      }
    },
    "@vue/runtime-core": {
      "version": "3.2.37",
      "resolved": "http://registry.npm.release.ctripcorp.com/@vue/runtime-core/download/@vue/runtime-core-3.2.37.tgz",
      "integrity": "sha1-e6fFS7VuXXDt/C8Fdm4cqFGZZuM=",
      "requires": {
        "@vue/reactivity": "3.2.37",
        "@vue/shared": "3.2.37"
      }
    },
    "@vue/runtime-dom": {
      "version": "3.2.37",
      "resolved": "http://registry.npm.release.ctripcorp.com/@vue/runtime-dom/download/@vue/runtime-dom-3.2.37.tgz",
      "integrity": "sha1-ACvcgij6Y5STF3Vvseks3T+fS70=",
      "requires": {
        "@vue/runtime-core": "3.2.37",
        "@vue/shared": "3.2.37",
        "csstype": "^2.6.8"
      }
    },
    "@vue/server-renderer": {
      "version": "3.2.37",
      "resolved": "http://registry.npm.release.ctripcorp.com/@vue/server-renderer/download/@vue/server-renderer-3.2.37.tgz",
      "integrity": "sha1-hAopyNzCm93ZtfX/oiuVwOcq/fw=",
      "requires": {
        "@vue/compiler-ssr": "3.2.37",
        "@vue/shared": "3.2.37"
      }
    },
    "@vue/shared": {
      "version": "3.2.37",
      "resolved": "http://registry.npm.release.ctripcorp.com/@vue/shared/download/@vue/shared-3.2.37.tgz",
      "integrity": "sha1-jmrcPydZr1Lw6Fhj37C3EezFxwI="
    },
    "csstype": {
      "version": "2.6.20",
      "resolved": "http://registry.npm.release.ctripcorp.com/csstype/download/csstype-2.6.20.tgz",
      "integrity": "sha1-kinGXqCyYM9NPZl8sGKI42qNbdo="
    },
    "esbuild": {
      "version": "0.14.49",
      "resolved": "http://registry.npm.release.ctripcorp.com/esbuild/download/esbuild-0.14.49.tgz",
      "integrity": "sha1-uCg0dg66LdwXtE8Fz8wKrKK65JI=",
      "dev": true,
      "requires": {
        "esbuild-android-64": "0.14.49",
        "esbuild-android-arm64": "0.14.49",
        "esbuild-darwin-64": "0.14.49",
        "esbuild-darwin-arm64": "0.14.49",
        "esbuild-freebsd-64": "0.14.49",
        "esbuild-freebsd-arm64": "0.14.49",
        "esbuild-linux-32": "0.14.49",
        "esbuild-linux-64": "0.14.49",
        "esbuild-linux-arm": "0.14.49",
        "esbuild-linux-arm64": "0.14.49",
        "esbuild-linux-mips64le": "0.14.49",
        "esbuild-linux-ppc64le": "0.14.49",
        "esbuild-linux-riscv64": "0.14.49",
        "esbuild-linux-s390x": "0.14.49",
        "esbuild-netbsd-64": "0.14.49",
        "esbuild-openbsd-64": "0.14.49",
        "esbuild-sunos-64": "0.14.49",
        "esbuild-windows-32": "0.14.49",
        "esbuild-windows-64": "0.14.49",
        "esbuild-windows-arm64": "0.14.49"
      }
    },
    "esbuild-android-64": {
      "version": "0.14.49",
      "resolved": "http://registry.npm.release.ctripcorp.com/esbuild-android-64/download/esbuild-android-64-0.14.49.tgz",
      "integrity": "sha1-nkaCw23Pbntxtz0qNyOpbg/cUFQ=",
      "dev": true,
      "optional": true
    },
    "esbuild-android-arm64": {
      "version": "0.14.49",
      "resolved": "http://registry.npm.release.ctripcorp.com/esbuild-android-arm64/download/esbuild-android-arm64-0.14.49.tgz",
      "integrity": "sha1-mGGx9+V9HdHyPu72GYVhxfNLUfY=",
      "dev": true,
      "optional": true
    },
    "esbuild-darwin-64": {
      "version": "0.14.49",
      "resolved": "http://registry.npm.release.ctripcorp.com/esbuild-darwin-64/download/esbuild-darwin-64-0.14.49.tgz",
      "integrity": "sha1-/TCl6+KHBKOhFxJsYPmAlsBnyNE=",
      "dev": true,
      "optional": true
    },
    "esbuild-darwin-arm64": {
      "version": "0.14.49",
      "resolved": "http://registry.npm.release.ctripcorp.com/esbuild-darwin-arm64/download/esbuild-darwin-arm64-0.14.49.tgz",
      "integrity": "sha1-wEo6V9rZSpcsZqaXpoolqiWUf0E=",
      "dev": true,
      "optional": true
    },
    "esbuild-freebsd-64": {
      "version": "0.14.49",
      "resolved": "http://registry.npm.release.ctripcorp.com/esbuild-freebsd-64/download/esbuild-freebsd-64-0.14.49.tgz",
      "integrity": "sha1-xATb1myYRROVse7w+ji3MDCnvoI=",
      "dev": true,
      "optional": true
    },
    "esbuild-freebsd-arm64": {
      "version": "0.14.49",
      "resolved": "http://registry.npm.release.ctripcorp.com/esbuild-freebsd-arm64/download/esbuild-freebsd-arm64-0.14.49.tgz",
      "integrity": "sha1-tizslhOOvFk3JAzj4bl5ApY+p0o=",
      "dev": true,
      "optional": true
    },
    "esbuild-linux-32": {
      "version": "0.14.49",
      "resolved": "http://registry.npm.release.ctripcorp.com/esbuild-linux-32/download/esbuild-linux-32-0.14.49.tgz",
      "integrity": "sha1-SVscwBG4xk2LuvZVCcHnE1653b8=",
      "dev": true,
      "optional": true
    },
    "esbuild-linux-64": {
      "version": "0.14.49",
      "resolved": "http://registry.npm.release.ctripcorp.com/esbuild-linux-64/download/esbuild-linux-64-0.14.49.tgz",
      "integrity": "sha1-Pyjdj5hub/QvOIiO5DWpsfuRalY=",
      "dev": true,
      "optional": true
    },
    "esbuild-linux-arm": {
      "version": "0.14.49",
      "resolved": "http://registry.npm.release.ctripcorp.com/esbuild-linux-arm/download/esbuild-linux-arm-0.14.49.tgz",
      "integrity": "sha1-fDPQWmTsVAz3R0g0rapXsxZ7vpc=",
      "dev": true,
      "optional": true
    },
    "esbuild-linux-arm64": {
      "version": "0.14.49",
      "resolved": "http://registry.npm.release.ctripcorp.com/esbuild-linux-arm64/download/esbuild-linux-arm64-0.14.49.tgz",
      "integrity": "sha1-pS6ZrjAkZWbcXzPoNapsqY73DjM=",
      "dev": true,
      "optional": true
    },
    "esbuild-linux-mips64le": {
      "version": "0.14.49",
      "resolved": "http://registry.npm.release.ctripcorp.com/esbuild-linux-mips64le/download/esbuild-linux-mips64le-0.14.49.tgz",
      "integrity": "sha1-7QYr2ES1h75klEODHrhLowRoXyU=",
      "dev": true,
      "optional": true
    },
    "esbuild-linux-ppc64le": {
      "version": "0.14.49",
      "resolved": "http://registry.npm.release.ctripcorp.com/esbuild-linux-ppc64le/download/esbuild-linux-ppc64le-0.14.49.tgz",
      "integrity": "sha1-wHhvtb3f/ZDBCiB4GBUTy68HeVg=",
      "dev": true,
      "optional": true
    },
    "esbuild-linux-riscv64": {
      "version": "0.14.49",
      "resolved": "http://registry.npm.release.ctripcorp.com/esbuild-linux-riscv64/download/esbuild-linux-riscv64-0.14.49.tgz",
      "integrity": "sha1-V5sOfMb85L/GmOmRpSUDu2Fr7Ek=",
      "dev": true,
      "optional": true
    },
    "esbuild-linux-s390x": {
      "version": "0.14.49",
      "resolved": "http://registry.npm.release.ctripcorp.com/esbuild-linux-s390x/download/esbuild-linux-s390x-0.14.49.tgz",
      "integrity": "sha1-CesVx1PiSaUAtOKNB8Xu91JKl0A=",
      "dev": true,
      "optional": true
    },
    "esbuild-netbsd-64": {
      "version": "0.14.49",
      "resolved": "http://registry.npm.release.ctripcorp.com/esbuild-netbsd-64/download/esbuild-netbsd-64-0.14.49.tgz",
      "integrity": "sha1-9zN80r3bfMnRANGRVvNsnKEXtY0=",
      "dev": true,
      "optional": true
    },
    "esbuild-openbsd-64": {
      "version": "0.14.49",
      "resolved": "http://registry.npm.release.ctripcorp.com/esbuild-openbsd-64/download/esbuild-openbsd-64-0.14.49.tgz",
      "integrity": "sha1-H4vcSfikQ5bnOVCj+2s5goVjYx0=",
      "dev": true,
      "optional": true
    },
    "esbuild-sunos-64": {
      "version": "0.14.49",
      "resolved": "http://registry.npm.release.ctripcorp.com/esbuild-sunos-64/download/esbuild-sunos-64-0.14.49.tgz",
      "integrity": "sha1-R9BCc5NlthqoymQq22lTSo7vn3o=",
      "dev": true,
      "optional": true
    },
    "esbuild-windows-32": {
      "version": "0.14.49",
      "resolved": "http://registry.npm.release.ctripcorp.com/esbuild-windows-32/download/esbuild-windows-32-0.14.49.tgz",
      "integrity": "sha1-eRmMiOyb3hY8GKa0MMNOqwmOwho=",
      "dev": true,
      "optional": true
    },
    "esbuild-windows-64": {
      "version": "0.14.49",
      "resolved": "http://registry.npm.release.ctripcorp.com/esbuild-windows-64/download/esbuild-windows-64-0.14.49.tgz",
      "integrity": "sha1-s2sjDRjR7lQAjgiBTEeZx4BujHk=",
      "dev": true,
      "optional": true
    },
    "esbuild-windows-arm64": {
      "version": "0.14.49",
      "resolved": "http://registry.npm.release.ctripcorp.com/esbuild-windows-arm64/download/esbuild-windows-arm64-0.14.49.tgz",
      "integrity": "sha1-2DwD/2Q2yvMmI0fPp+FrCoBJ+uc=",
      "dev": true,
      "optional": true
    },
    "estree-walker": {
      "version": "2.0.2",
      "resolved": "http://registry.npm.release.ctripcorp.com/estree-walker/download/estree-walker-2.0.2.tgz",
      "integrity": "sha1-UvAQF4wqTBF6d1fP6UKtt9LaTKw="
    },
    "fsevents": {
      "version": "2.3.2",
      "resolved": "http://registry.npm.release.ctripcorp.com/fsevents/download/fsevents-2.3.2.tgz",
      "integrity": "sha1-ilJveLj99GI7cJ4Ll1xSwkwC/Ro=",
      "dev": true,
      "optional": true
    },
    "function-bind": {
      "version": "1.1.1",
      "resolved": "http://registry.npm.release.ctripcorp.com/function-bind/download/function-bind-1.1.1.tgz",
      "integrity": "sha1-pWiZ0+o8m6uHS7l3O3xe3pL0iV0=",
      "dev": true
    },
    "has": {
      "version": "1.0.3",
      "resolved": "http://registry.npm.release.ctripcorp.com/has/download/has-1.0.3.tgz",
      "integrity": "sha1-ci18v8H2qoJB8W3YFOAR4fQeh5Y=",
      "dev": true,
      "requires": {
        "function-bind": "^1.1.1"
      }
    },
    "is-core-module": {
      "version": "2.9.0",
      "resolved": "http://registry.npm.release.ctripcorp.com/is-core-module/download/is-core-module-2.9.0.tgz",
      "integrity": "sha1-4cNEKc1Rxt2eCeB5njluJ7GanGk=",
      "dev": true,
      "requires": {
        "has": "^1.0.3"
      }
    },
    "magic-string": {
      "version": "0.25.9",
      "resolved": "http://registry.npm.release.ctripcorp.com/magic-string/download/magic-string-0.25.9.tgz",
      "integrity": "sha1-3n+fr5HvihyR0CwuUxTIJ3283Rw=",
      "requires": {
        "sourcemap-codec": "^1.4.8"
      }
    },
    "nanoid": {
      "version": "3.3.4",
      "resolved": "http://registry.npm.release.ctripcorp.com/nanoid/download/nanoid-3.3.4.tgz",
      "integrity": "sha1-cwtn480J4t6s8DwCfIHJ2dvF6Ks="
    },
    "path-parse": {
      "version": "1.0.7",
      "resolved": "http://registry.npm.release.ctripcorp.com/path-parse/download/path-parse-1.0.7.tgz",
      "integrity": "sha1-+8EUtgykKzDZ2vWFjkvWi77bZzU=",
      "dev": true
    },
    "picocolors": {
      "version": "1.0.0",
      "resolved": "http://registry.npm.release.ctripcorp.com/picocolors/download/picocolors-1.0.0.tgz",
      "integrity": "sha1-y1vcdP8/UYkiNur3nWi8RFZKuBw="
    },
    "postcss": {
      "version": "8.4.14",
      "resolved": "http://registry.npm.release.ctripcorp.com/postcss/download/postcss-8.4.14.tgz",
      "integrity": "sha1-7pJ01WIrSFjBAHp0125C5W/SHK8=",
      "requires": {
        "nanoid": "^3.3.4",
        "picocolors": "^1.0.0",
        "source-map-js": "^1.0.2"
      }
    },
    "resolve": {
      "version": "1.22.1",
      "resolved": "http://registry.npm.release.ctripcorp.com/resolve/download/resolve-1.22.1.tgz",
      "integrity": "sha1-J8suu1P5GrtJRwqSi7p1WAZqwXc=",
      "dev": true,
      "requires": {
        "is-core-module": "^2.9.0",
        "path-parse": "^1.0.7",
        "supports-preserve-symlinks-flag": "^1.0.0"
      }
    },
    "rollup": {
      "version": "2.76.0",
      "resolved": "http://registry.npm.release.ctripcorp.com/rollup/download/rollup-2.76.0.tgz",
      "integrity": "sha1-xp/gPbUwrFP8uVI7PKoNPAuUkaE=",
      "dev": true,
      "requires": {
        "fsevents": "~2.3.2"
      }
    },
    "source-map": {
      "version": "0.6.1",
      "resolved": "http://registry.npm.release.ctripcorp.com/source-map/download/source-map-0.6.1.tgz",
      "integrity": "sha1-dHIq8y6WFOnCh6jQu95IteLxomM="
    },
    "source-map-js": {
      "version": "1.0.2",
      "resolved": "http://registry.npm.release.ctripcorp.com/source-map-js/download/source-map-js-1.0.2.tgz",
      "integrity": "sha1-rbw2HZxi3zgBJefxYfccgm8eSQw="
    },
    "sourcemap-codec": {
      "version": "1.4.8",
      "resolved": "http://registry.npm.release.ctripcorp.com/sourcemap-codec/download/sourcemap-codec-1.4.8.tgz",
      "integrity": "sha1-6oBL2UhXQC5pktBaOO8a41qatMQ="
    },
    "supports-preserve-symlinks-flag": {
      "version": "1.0.0",
      "resolved": "http://registry.npm.release.ctripcorp.com/supports-preserve-symlinks-flag/download/supports-preserve-symlinks-flag-1.0.0.tgz",
      "integrity": "sha1-btpL00SjyUrqN21MwxvHcxEDngk=",
      "dev": true
    },
    "vite": {
      "version": "2.9.14",
      "resolved": "http://registry.npm.release.ctripcorp.com/vite/download/vite-2.9.14.tgz",
      "integrity": "sha1-xDgyTGWUr9EFDfN3famB3umIuxs=",
      "dev": true,
      "requires": {
        "esbuild": "^0.14.27",
        "fsevents": "~2.3.2",
        "postcss": "^8.4.13",
        "resolve": "^1.22.0",
        "rollup": "^2.59.0"
      }
    },
    "vue": {
      "version": "3.2.37",
      "resolved": "http://registry.npm.release.ctripcorp.com/vue/download/vue-3.2.37.tgz",
      "integrity": "sha1-2iIMy2GNeFedJbBsfCFJjKTlRS4=",
      "requires": {
        "@vue/compiler-dom": "3.2.37",
        "@vue/compiler-sfc": "3.2.37",
        "@vue/runtime-dom": "3.2.37",
        "@vue/server-renderer": "3.2.37",
        "@vue/shared": "3.2.37"
      }
    }
  }
}
